
Microsoft Visual Studio Solution File, Format Version 12.00
# Visual Studio Version 16
VisualStudioVersion = 16.0.30711.63
MinimumVisualStudioVersion = 10.0.40219.1
Project("{FAE04EC0-301F-11D3-BF4B-00C04F79EFBC}") = "MyDictionary", "MyDictionary\MyDictionary.csproj", "{65352B65-E9F6-450C-A5BE-29032E272D54}"
EndProject
Global
	GlobalSection(SolutionConfigurationPlatforms) = preSolution
		Debug|Any CPU = Debug|Any CPU
		Release|Any CPU = Release|Any CPU
	EndGlobalSection
	GlobalSection(ProjectConfigurationPlatforms) = postSolution
		{65352B65-E9F6-450C-A5BE-29032E272D54}.Debug|Any CPU.ActiveCfg = Debug|Any CPU
		{65352B65-E9F6-450C-A5BE-29032E272D54}.Debug|Any CPU.Build.0 = Debug|Any CPU
		{65352B65-E9F6-450C-A5BE-29032E272D54}.Release|Any CPU.ActiveCfg = Release|Any CPU
		{65352B65-E9F6-450C-A5BE-29032E272D54}.Release|Any CPU.Build.0 = Release|Any CPU
	EndGlobalSection
	GlobalSection(SolutionProperties) = preSolution
		HideSolutionNode = FALSE
	EndGlobalSection
	GlobalSection(ExtensibilityGlobals) = postSolution
		SolutionGuid = {51A011F1-83C5-4BFF-8E1B-A3E11F03E486}
	EndGlobalSection
EndGlobal
